
Microsoft Visual Studio Solution File, Format Version 12.00
# Visual Studio Version 17
VisualStudioVersion = 17.9.34622.214
MinimumVisualStudioVersion = 10.0.40219.1
Project("{FAE04EC0-301F-11D3-BF4B-00C04F79EFBC}") = "ejercicio11", "ejercicio11\ejercicio11.csproj", "{8B65BC9E-5562-4832-A3FD-2901B7BF8FD4}"
EndProject
Global
	GlobalSection(SolutionConfigurationPlatforms) = preSolution
		Debug|Any CPU = Debug|Any CPU
		Release|Any CPU = Release|Any CPU
	EndGlobalSection
	GlobalSection(ProjectConfigurationPlatforms) = postSolution
		{8B65BC9E-5562-4832-A3FD-2901B7BF8FD4}.Debug|Any CPU.ActiveCfg = Debug|Any CPU
		{8B65BC9E-5562-4832-A3FD-2901B7BF8FD4}.Debug|Any CPU.Build.0 = Debug|Any CPU
		{8B65BC9E-5562-4832-A3FD-2901B7BF8FD4}.Release|Any CPU.ActiveCfg = Release|Any CPU
		{8B65BC9E-5562-4832-A3FD-2901B7BF8FD4}.Release|Any CPU.Build.0 = Release|Any CPU
	EndGlobalSection
	GlobalSection(SolutionProperties) = preSolution
		HideSolutionNode = FALSE
	EndGlobalSection
	GlobalSection(ExtensibilityGlobals) = postSolution
		SolutionGuid = {C16DFC85-9FFF-42B0-BF1C-C0D4E1D46A4E}
	EndGlobalSection
EndGlobal
