
Microsoft Visual Studio Solution File, Format Version 12.00
# Visual Studio Version 17
VisualStudioVersion = 17.10.35122.118
MinimumVisualStudioVersion = 10.0.40219.1
Project("{FAE04EC0-301F-11D3-BF4B-00C04F79EFBC}") = "ejercicio33", "ejercicio33\ejercicio33.csproj", "{1FAC441C-C621-46B5-A67C-D78FA2E289F2}"
EndProject
Global
	GlobalSection(SolutionConfigurationPlatforms) = preSolution
		Debug|Any CPU = Debug|Any CPU
		Release|Any CPU = Release|Any CPU
	EndGlobalSection
	GlobalSection(ProjectConfigurationPlatforms) = postSolution
		{1FAC441C-C621-46B5-A67C-D78FA2E289F2}.Debug|Any CPU.ActiveCfg = Debug|Any CPU
		{1FAC441C-C621-46B5-A67C-D78FA2E289F2}.Debug|Any CPU.Build.0 = Debug|Any CPU
		{1FAC441C-C621-46B5-A67C-D78FA2E289F2}.Release|Any CPU.ActiveCfg = Release|Any CPU
		{1FAC441C-C621-46B5-A67C-D78FA2E289F2}.Release|Any CPU.Build.0 = Release|Any CPU
	EndGlobalSection
	GlobalSection(SolutionProperties) = preSolution
		HideSolutionNode = FALSE
	EndGlobalSection
	GlobalSection(ExtensibilityGlobals) = postSolution
		SolutionGuid = {04A24989-5DEF-45A0-8F75-2B619AC9FAE5}
	EndGlobalSection
EndGlobal
