
Microsoft Visual Studio Solution File, Format Version 12.00
# Visual Studio Version 17
VisualStudioVersion = 17.9.34622.214
MinimumVisualStudioVersion = 10.0.40219.1
Project("{FAE04EC0-301F-11D3-BF4B-00C04F79EFBC}") = "ejercicio2", "ejercicio2\ejercicio2.csproj", "{A1265E35-3806-4DD3-A910-4E07F8723825}"
EndProject
Global
	GlobalSection(SolutionConfigurationPlatforms) = preSolution
		Debug|Any CPU = Debug|Any CPU
		Release|Any CPU = Release|Any CPU
	EndGlobalSection
	GlobalSection(ProjectConfigurationPlatforms) = postSolution
		{A1265E35-3806-4DD3-A910-4E07F8723825}.Debug|Any CPU.ActiveCfg = Debug|Any CPU
		{A1265E35-3806-4DD3-A910-4E07F8723825}.Debug|Any CPU.Build.0 = Debug|Any CPU
		{A1265E35-3806-4DD3-A910-4E07F8723825}.Release|Any CPU.ActiveCfg = Release|Any CPU
		{A1265E35-3806-4DD3-A910-4E07F8723825}.Release|Any CPU.Build.0 = Release|Any CPU
	EndGlobalSection
	GlobalSection(SolutionProperties) = preSolution
		HideSolutionNode = FALSE
	EndGlobalSection
	GlobalSection(ExtensibilityGlobals) = postSolution
		SolutionGuid = {C29E40E2-72E4-4119-9746-E43E35441647}
	EndGlobalSection
EndGlobal
