
Microsoft Visual Studio Solution File, Format Version 12.00
# Visual Studio Version 17
VisualStudioVersion = 17.10.35201.131
MinimumVisualStudioVersion = 10.0.40219.1
Project("{FAE04EC0-301F-11D3-BF4B-00C04F79EFBC}") = "ejercicio92", "ejercicio92\ejercicio92.csproj", "{6BD70A19-BBCD-4291-976A-5EDF1ADE0C36}"
EndProject
Global
	GlobalSection(SolutionConfigurationPlatforms) = preSolution
		Debug|Any CPU = Debug|Any CPU
		Release|Any CPU = Release|Any CPU
	EndGlobalSection
	GlobalSection(ProjectConfigurationPlatforms) = postSolution
		{6BD70A19-BBCD-4291-976A-5EDF1ADE0C36}.Debug|Any CPU.ActiveCfg = Debug|Any CPU
		{6BD70A19-BBCD-4291-976A-5EDF1ADE0C36}.Debug|Any CPU.Build.0 = Debug|Any CPU
		{6BD70A19-BBCD-4291-976A-5EDF1ADE0C36}.Release|Any CPU.ActiveCfg = Release|Any CPU
		{6BD70A19-BBCD-4291-976A-5EDF1ADE0C36}.Release|Any CPU.Build.0 = Release|Any CPU
	EndGlobalSection
	GlobalSection(SolutionProperties) = preSolution
		HideSolutionNode = FALSE
	EndGlobalSection
	GlobalSection(ExtensibilityGlobals) = postSolution
		SolutionGuid = {0A41A0F9-8E1D-4F9B-95E9-1CAEB83D99B5}
	EndGlobalSection
EndGlobal
