
Microsoft Visual Studio Solution File, Format Version 12.00
# Visual Studio Version 17
VisualStudioVersion = 17.10.35122.118
MinimumVisualStudioVersion = 10.0.40219.1
Project("{FAE04EC0-301F-11D3-BF4B-00C04F79EFBC}") = "ejercicio47", "ejercicio47\ejercicio47.csproj", "{AC12061A-110F-493A-A741-146B57C7CCBA}"
EndProject
Global
	GlobalSection(SolutionConfigurationPlatforms) = preSolution
		Debug|Any CPU = Debug|Any CPU
		Release|Any CPU = Release|Any CPU
	EndGlobalSection
	GlobalSection(ProjectConfigurationPlatforms) = postSolution
		{AC12061A-110F-493A-A741-146B57C7CCBA}.Debug|Any CPU.ActiveCfg = Debug|Any CPU
		{AC12061A-110F-493A-A741-146B57C7CCBA}.Debug|Any CPU.Build.0 = Debug|Any CPU
		{AC12061A-110F-493A-A741-146B57C7CCBA}.Release|Any CPU.ActiveCfg = Release|Any CPU
		{AC12061A-110F-493A-A741-146B57C7CCBA}.Release|Any CPU.Build.0 = Release|Any CPU
	EndGlobalSection
	GlobalSection(SolutionProperties) = preSolution
		HideSolutionNode = FALSE
	EndGlobalSection
	GlobalSection(ExtensibilityGlobals) = postSolution
		SolutionGuid = {9D52E404-BFC7-439E-8CB4-70B89E0BF174}
	EndGlobalSection
EndGlobal
