
Microsoft Visual Studio Solution File, Format Version 12.00
# Visual Studio Version 17
VisualStudioVersion = 17.10.35122.118
MinimumVisualStudioVersion = 10.0.40219.1
Project("{FAE04EC0-301F-11D3-BF4B-00C04F79EFBC}") = "ejercicio48", "ejercicio48\ejercicio48.csproj", "{908042E2-6A79-47A1-A9D2-614EB420D335}"
EndProject
Global
	GlobalSection(SolutionConfigurationPlatforms) = preSolution
		Debug|Any CPU = Debug|Any CPU
		Release|Any CPU = Release|Any CPU
	EndGlobalSection
	GlobalSection(ProjectConfigurationPlatforms) = postSolution
		{908042E2-6A79-47A1-A9D2-614EB420D335}.Debug|Any CPU.ActiveCfg = Debug|Any CPU
		{908042E2-6A79-47A1-A9D2-614EB420D335}.Debug|Any CPU.Build.0 = Debug|Any CPU
		{908042E2-6A79-47A1-A9D2-614EB420D335}.Release|Any CPU.ActiveCfg = Release|Any CPU
		{908042E2-6A79-47A1-A9D2-614EB420D335}.Release|Any CPU.Build.0 = Release|Any CPU
	EndGlobalSection
	GlobalSection(SolutionProperties) = preSolution
		HideSolutionNode = FALSE
	EndGlobalSection
	GlobalSection(ExtensibilityGlobals) = postSolution
		SolutionGuid = {2FBF924A-B5A4-4BDE-B2BA-3AD70E70AF78}
	EndGlobalSection
EndGlobal
