
Microsoft Visual Studio Solution File, Format Version 12.00
# Visual Studio Version 17
VisualStudioVersion = 17.10.35122.118
MinimumVisualStudioVersion = 10.0.40219.1
Project("{FAE04EC0-301F-11D3-BF4B-00C04F79EFBC}") = "ejercicio68", "ejercicio68\ejercicio68.csproj", "{C03BFA47-CFCF-4AE1-9901-36C7512955C2}"
EndProject
Global
	GlobalSection(SolutionConfigurationPlatforms) = preSolution
		Debug|Any CPU = Debug|Any CPU
		Release|Any CPU = Release|Any CPU
	EndGlobalSection
	GlobalSection(ProjectConfigurationPlatforms) = postSolution
		{C03BFA47-CFCF-4AE1-9901-36C7512955C2}.Debug|Any CPU.ActiveCfg = Debug|Any CPU
		{C03BFA47-CFCF-4AE1-9901-36C7512955C2}.Debug|Any CPU.Build.0 = Debug|Any CPU
		{C03BFA47-CFCF-4AE1-9901-36C7512955C2}.Release|Any CPU.ActiveCfg = Release|Any CPU
		{C03BFA47-CFCF-4AE1-9901-36C7512955C2}.Release|Any CPU.Build.0 = Release|Any CPU
	EndGlobalSection
	GlobalSection(SolutionProperties) = preSolution
		HideSolutionNode = FALSE
	EndGlobalSection
	GlobalSection(ExtensibilityGlobals) = postSolution
		SolutionGuid = {B7EDDAAE-84C0-4561-804D-2E346DF3AC69}
	EndGlobalSection
EndGlobal
