
Microsoft Visual Studio Solution File, Format Version 12.00
# Visual Studio Version 17
VisualStudioVersion = 17.9.34622.214
MinimumVisualStudioVersion = 10.0.40219.1
Project("{FAE04EC0-301F-11D3-BF4B-00C04F79EFBC}") = "ejercicio16", "ejercicio16\ejercicio16.csproj", "{68AB4A82-ECB1-4814-9FFA-7E19B5C7829B}"
EndProject
Global
	GlobalSection(SolutionConfigurationPlatforms) = preSolution
		Debug|Any CPU = Debug|Any CPU
		Release|Any CPU = Release|Any CPU
	EndGlobalSection
	GlobalSection(ProjectConfigurationPlatforms) = postSolution
		{68AB4A82-ECB1-4814-9FFA-7E19B5C7829B}.Debug|Any CPU.ActiveCfg = Debug|Any CPU
		{68AB4A82-ECB1-4814-9FFA-7E19B5C7829B}.Debug|Any CPU.Build.0 = Debug|Any CPU
		{68AB4A82-ECB1-4814-9FFA-7E19B5C7829B}.Release|Any CPU.ActiveCfg = Release|Any CPU
		{68AB4A82-ECB1-4814-9FFA-7E19B5C7829B}.Release|Any CPU.Build.0 = Release|Any CPU
	EndGlobalSection
	GlobalSection(SolutionProperties) = preSolution
		HideSolutionNode = FALSE
	EndGlobalSection
	GlobalSection(ExtensibilityGlobals) = postSolution
		SolutionGuid = {8B2C3499-2E64-4916-826A-5CD0D840CB21}
	EndGlobalSection
EndGlobal
