
Microsoft Visual Studio Solution File, Format Version 12.00
# Visual Studio Version 17
VisualStudioVersion = 17.10.35201.131
MinimumVisualStudioVersion = 10.0.40219.1
Project("{FAE04EC0-301F-11D3-BF4B-00C04F79EFBC}") = "ejercicio87", "ejercicio87\ejercicio87.csproj", "{D7E8B2A9-C704-47F3-AC43-2436F1B121D7}"
EndProject
Global
	GlobalSection(SolutionConfigurationPlatforms) = preSolution
		Debug|Any CPU = Debug|Any CPU
		Release|Any CPU = Release|Any CPU
	EndGlobalSection
	GlobalSection(ProjectConfigurationPlatforms) = postSolution
		{D7E8B2A9-C704-47F3-AC43-2436F1B121D7}.Debug|Any CPU.ActiveCfg = Debug|Any CPU
		{D7E8B2A9-C704-47F3-AC43-2436F1B121D7}.Debug|Any CPU.Build.0 = Debug|Any CPU
		{D7E8B2A9-C704-47F3-AC43-2436F1B121D7}.Release|Any CPU.ActiveCfg = Release|Any CPU
		{D7E8B2A9-C704-47F3-AC43-2436F1B121D7}.Release|Any CPU.Build.0 = Release|Any CPU
	EndGlobalSection
	GlobalSection(SolutionProperties) = preSolution
		HideSolutionNode = FALSE
	EndGlobalSection
	GlobalSection(ExtensibilityGlobals) = postSolution
		SolutionGuid = {D9FA704C-A1C1-41D0-82B9-424A2166639D}
	EndGlobalSection
EndGlobal
