
Microsoft Visual Studio Solution File, Format Version 12.00
# Visual Studio Version 17
VisualStudioVersion = 17.10.35122.118
MinimumVisualStudioVersion = 10.0.40219.1
Project("{FAE04EC0-301F-11D3-BF4B-00C04F79EFBC}") = "ejercicio31", "ejercicio31\ejercicio31.csproj", "{ACEFBE53-3CF0-42E7-93F5-3141A56CDF85}"
EndProject
Global
	GlobalSection(SolutionConfigurationPlatforms) = preSolution
		Debug|Any CPU = Debug|Any CPU
		Release|Any CPU = Release|Any CPU
	EndGlobalSection
	GlobalSection(ProjectConfigurationPlatforms) = postSolution
		{ACEFBE53-3CF0-42E7-93F5-3141A56CDF85}.Debug|Any CPU.ActiveCfg = Debug|Any CPU
		{ACEFBE53-3CF0-42E7-93F5-3141A56CDF85}.Debug|Any CPU.Build.0 = Debug|Any CPU
		{ACEFBE53-3CF0-42E7-93F5-3141A56CDF85}.Release|Any CPU.ActiveCfg = Release|Any CPU
		{ACEFBE53-3CF0-42E7-93F5-3141A56CDF85}.Release|Any CPU.Build.0 = Release|Any CPU
	EndGlobalSection
	GlobalSection(SolutionProperties) = preSolution
		HideSolutionNode = FALSE
	EndGlobalSection
	GlobalSection(ExtensibilityGlobals) = postSolution
		SolutionGuid = {6092DEC9-E698-4B2B-8D8F-0A60E45A15AC}
	EndGlobalSection
EndGlobal
