
Microsoft Visual Studio Solution File, Format Version 12.00
# Visual Studio Version 17
VisualStudioVersion = 17.10.35122.118
MinimumVisualStudioVersion = 10.0.40219.1
Project("{FAE04EC0-301F-11D3-BF4B-00C04F79EFBC}") = "ejercicio56", "ejercicio56\ejercicio56.csproj", "{9C4173BF-175D-49ED-BB5C-720B99F047DC}"
EndProject
Global
	GlobalSection(SolutionConfigurationPlatforms) = preSolution
		Debug|Any CPU = Debug|Any CPU
		Release|Any CPU = Release|Any CPU
	EndGlobalSection
	GlobalSection(ProjectConfigurationPlatforms) = postSolution
		{9C4173BF-175D-49ED-BB5C-720B99F047DC}.Debug|Any CPU.ActiveCfg = Debug|Any CPU
		{9C4173BF-175D-49ED-BB5C-720B99F047DC}.Debug|Any CPU.Build.0 = Debug|Any CPU
		{9C4173BF-175D-49ED-BB5C-720B99F047DC}.Release|Any CPU.ActiveCfg = Release|Any CPU
		{9C4173BF-175D-49ED-BB5C-720B99F047DC}.Release|Any CPU.Build.0 = Release|Any CPU
	EndGlobalSection
	GlobalSection(SolutionProperties) = preSolution
		HideSolutionNode = FALSE
	EndGlobalSection
	GlobalSection(ExtensibilityGlobals) = postSolution
		SolutionGuid = {1E9E17BC-A7F5-42F4-931A-CAD7AB0068EA}
	EndGlobalSection
EndGlobal
