
Microsoft Visual Studio Solution File, Format Version 12.00
# Visual Studio Version 17
VisualStudioVersion = 17.10.35122.118
MinimumVisualStudioVersion = 10.0.40219.1
Project("{FAE04EC0-301F-11D3-BF4B-00C04F79EFBC}") = "ejercicio58", "ejercicio58\ejercicio58.csproj", "{2383F014-93C1-408A-A896-5E1F6FFD99C5}"
EndProject
Global
	GlobalSection(SolutionConfigurationPlatforms) = preSolution
		Debug|Any CPU = Debug|Any CPU
		Release|Any CPU = Release|Any CPU
	EndGlobalSection
	GlobalSection(ProjectConfigurationPlatforms) = postSolution
		{2383F014-93C1-408A-A896-5E1F6FFD99C5}.Debug|Any CPU.ActiveCfg = Debug|Any CPU
		{2383F014-93C1-408A-A896-5E1F6FFD99C5}.Debug|Any CPU.Build.0 = Debug|Any CPU
		{2383F014-93C1-408A-A896-5E1F6FFD99C5}.Release|Any CPU.ActiveCfg = Release|Any CPU
		{2383F014-93C1-408A-A896-5E1F6FFD99C5}.Release|Any CPU.Build.0 = Release|Any CPU
	EndGlobalSection
	GlobalSection(SolutionProperties) = preSolution
		HideSolutionNode = FALSE
	EndGlobalSection
	GlobalSection(ExtensibilityGlobals) = postSolution
		SolutionGuid = {8565178D-76AF-448C-91E6-A3BF6B59C4D0}
	EndGlobalSection
EndGlobal
