
Microsoft Visual Studio Solution File, Format Version 12.00
# Visual Studio Version 17
VisualStudioVersion = 17.10.35122.118
MinimumVisualStudioVersion = 10.0.40219.1
Project("{FAE04EC0-301F-11D3-BF4B-00C04F79EFBC}") = "ejercicio34", "ejercicio34\ejercicio34.csproj", "{EE933F18-53BD-43EE-AC74-7E66A8179CCC}"
EndProject
Global
	GlobalSection(SolutionConfigurationPlatforms) = preSolution
		Debug|Any CPU = Debug|Any CPU
		Release|Any CPU = Release|Any CPU
	EndGlobalSection
	GlobalSection(ProjectConfigurationPlatforms) = postSolution
		{EE933F18-53BD-43EE-AC74-7E66A8179CCC}.Debug|Any CPU.ActiveCfg = Debug|Any CPU
		{EE933F18-53BD-43EE-AC74-7E66A8179CCC}.Debug|Any CPU.Build.0 = Debug|Any CPU
		{EE933F18-53BD-43EE-AC74-7E66A8179CCC}.Release|Any CPU.ActiveCfg = Release|Any CPU
		{EE933F18-53BD-43EE-AC74-7E66A8179CCC}.Release|Any CPU.Build.0 = Release|Any CPU
	EndGlobalSection
	GlobalSection(SolutionProperties) = preSolution
		HideSolutionNode = FALSE
	EndGlobalSection
	GlobalSection(ExtensibilityGlobals) = postSolution
		SolutionGuid = {545D339C-4F10-4D49-B7DA-37E0538E259F}
	EndGlobalSection
EndGlobal
