
Microsoft Visual Studio Solution File, Format Version 12.00
# Visual Studio Version 17
VisualStudioVersion = 17.10.35122.118
MinimumVisualStudioVersion = 10.0.40219.1
Project("{FAE04EC0-301F-11D3-BF4B-00C04F79EFBC}") = "ejercicio41", "ejercicio41\ejercicio41.csproj", "{FA8CFA6D-2DFF-42B6-9CA8-86799FEC6B49}"
EndProject
Global
	GlobalSection(SolutionConfigurationPlatforms) = preSolution
		Debug|Any CPU = Debug|Any CPU
		Release|Any CPU = Release|Any CPU
	EndGlobalSection
	GlobalSection(ProjectConfigurationPlatforms) = postSolution
		{FA8CFA6D-2DFF-42B6-9CA8-86799FEC6B49}.Debug|Any CPU.ActiveCfg = Debug|Any CPU
		{FA8CFA6D-2DFF-42B6-9CA8-86799FEC6B49}.Debug|Any CPU.Build.0 = Debug|Any CPU
		{FA8CFA6D-2DFF-42B6-9CA8-86799FEC6B49}.Release|Any CPU.ActiveCfg = Release|Any CPU
		{FA8CFA6D-2DFF-42B6-9CA8-86799FEC6B49}.Release|Any CPU.Build.0 = Release|Any CPU
	EndGlobalSection
	GlobalSection(SolutionProperties) = preSolution
		HideSolutionNode = FALSE
	EndGlobalSection
	GlobalSection(ExtensibilityGlobals) = postSolution
		SolutionGuid = {BECA87FA-DD07-40E4-9677-BABE146FA2B7}
	EndGlobalSection
EndGlobal
