
Microsoft Visual Studio Solution File, Format Version 12.00
# Visual Studio Version 17
VisualStudioVersion = 17.10.35122.118
MinimumVisualStudioVersion = 10.0.40219.1
Project("{FAE04EC0-301F-11D3-BF4B-00C04F79EFBC}") = "ejercicio64", "ejercicio64\ejercicio64.csproj", "{A8FBB7BE-DE03-4684-858A-E272331DAEB1}"
EndProject
Global
	GlobalSection(SolutionConfigurationPlatforms) = preSolution
		Debug|Any CPU = Debug|Any CPU
		Release|Any CPU = Release|Any CPU
	EndGlobalSection
	GlobalSection(ProjectConfigurationPlatforms) = postSolution
		{A8FBB7BE-DE03-4684-858A-E272331DAEB1}.Debug|Any CPU.ActiveCfg = Debug|Any CPU
		{A8FBB7BE-DE03-4684-858A-E272331DAEB1}.Debug|Any CPU.Build.0 = Debug|Any CPU
		{A8FBB7BE-DE03-4684-858A-E272331DAEB1}.Release|Any CPU.ActiveCfg = Release|Any CPU
		{A8FBB7BE-DE03-4684-858A-E272331DAEB1}.Release|Any CPU.Build.0 = Release|Any CPU
	EndGlobalSection
	GlobalSection(SolutionProperties) = preSolution
		HideSolutionNode = FALSE
	EndGlobalSection
	GlobalSection(ExtensibilityGlobals) = postSolution
		SolutionGuid = {13D03A01-9CC4-4C88-896B-AA01A3001254}
	EndGlobalSection
EndGlobal
