
Microsoft Visual Studio Solution File, Format Version 12.00
# Visual Studio Version 17
VisualStudioVersion = 17.9.34622.214
MinimumVisualStudioVersion = 10.0.40219.1
Project("{FAE04EC0-301F-11D3-BF4B-00C04F79EFBC}") = "ejercicio17", "ejercicio17\ejercicio17.csproj", "{A8969FC8-6C3F-47AA-A2E5-11F743F4AE4E}"
EndProject
Global
	GlobalSection(SolutionConfigurationPlatforms) = preSolution
		Debug|Any CPU = Debug|Any CPU
		Release|Any CPU = Release|Any CPU
	EndGlobalSection
	GlobalSection(ProjectConfigurationPlatforms) = postSolution
		{A8969FC8-6C3F-47AA-A2E5-11F743F4AE4E}.Debug|Any CPU.ActiveCfg = Debug|Any CPU
		{A8969FC8-6C3F-47AA-A2E5-11F743F4AE4E}.Debug|Any CPU.Build.0 = Debug|Any CPU
		{A8969FC8-6C3F-47AA-A2E5-11F743F4AE4E}.Release|Any CPU.ActiveCfg = Release|Any CPU
		{A8969FC8-6C3F-47AA-A2E5-11F743F4AE4E}.Release|Any CPU.Build.0 = Release|Any CPU
	EndGlobalSection
	GlobalSection(SolutionProperties) = preSolution
		HideSolutionNode = FALSE
	EndGlobalSection
	GlobalSection(ExtensibilityGlobals) = postSolution
		SolutionGuid = {B77739BD-C3BD-4AC9-A838-AA62C83B5DA0}
	EndGlobalSection
EndGlobal
