
Microsoft Visual Studio Solution File, Format Version 12.00
# Visual Studio Version 17
VisualStudioVersion = 17.10.35122.118
MinimumVisualStudioVersion = 10.0.40219.1
Project("{FAE04EC0-301F-11D3-BF4B-00C04F79EFBC}") = "ejercicio53", "ejercicio53\ejercicio53.csproj", "{003F3DD1-AC2E-4F46-B8C1-23F145BE0DD4}"
EndProject
Global
	GlobalSection(SolutionConfigurationPlatforms) = preSolution
		Debug|Any CPU = Debug|Any CPU
		Release|Any CPU = Release|Any CPU
	EndGlobalSection
	GlobalSection(ProjectConfigurationPlatforms) = postSolution
		{003F3DD1-AC2E-4F46-B8C1-23F145BE0DD4}.Debug|Any CPU.ActiveCfg = Debug|Any CPU
		{003F3DD1-AC2E-4F46-B8C1-23F145BE0DD4}.Debug|Any CPU.Build.0 = Debug|Any CPU
		{003F3DD1-AC2E-4F46-B8C1-23F145BE0DD4}.Release|Any CPU.ActiveCfg = Release|Any CPU
		{003F3DD1-AC2E-4F46-B8C1-23F145BE0DD4}.Release|Any CPU.Build.0 = Release|Any CPU
	EndGlobalSection
	GlobalSection(SolutionProperties) = preSolution
		HideSolutionNode = FALSE
	EndGlobalSection
	GlobalSection(ExtensibilityGlobals) = postSolution
		SolutionGuid = {890CBE8C-FA52-4249-88B2-5871711A28DE}
	EndGlobalSection
EndGlobal
